# THIS IS AN AUTOGENERATED FILE. DO NOT EDIT THIS FILE DIRECTLY.
# yarn lockfile v1


"@ethersproject/abi@^5.7.0":
  version "5.7.0"
  resolved "https://registry.yarnpkg.com/@ethersproject/abi/-/abi-5.7.0.tgz"
  integrity sha512-X3sNn9Q3Y0Gh7IPQCJK6TEDtHy7Z0bJgIu6R5wPe8LMlvZjYEzCBwKUYlzfpBvEhzNkIGMkjSuMaUDWTVAjZpvQtjNX

"@ethersproject/abstract-provider@^5.7.0":
  version "5.7.0"
  resolved "https://registry.yarnpkg.com/@ethersproject/abstract-provider/-/abstract-provider-5.7.0.tgz"
  integrity sha512-R41c9UkchKC/TdKqLhJoQdEzRjOHvE1mjmlgGc0cW3mPq48YvzAMQVzJVQz7t9L8DG8nOFREvJLhNQNJJNlBm5A==

hardhat@^2.17.1:
  version "2.17.1"
  resolved "https://registry.yarnpkg.com/hardhat/-/hardhat-2.17.1.tgz"
  integrity sha512-vjnhU6dPdM6XPy9LwXzSJqAP8O/f8KEV2QSqTHWz2Z2UGgkE1zfVuKvAQEo+aM8A4iLnLNx+LGO0T8wV9Z7Ujg==